
Microsoft Visual Studio Solution File, Format Version 12.00
# Visual Studio 2012
Project("{FAE04EC0-301F-11D3-BF4B-00C04F79EFBC}") = "Entidad", "Entidad\Entidad.csproj", "{45B35B8C-9C53-47BF-9BDE-C925C6AA75BC}"
EndProject
Project("{FAE04EC0-301F-11D3-BF4B-00C04F79EFBC}") = "Datos", "Datos\Datos.csproj", "{8DB50F48-E0E0-4F78-B604-64FD7E57B629}"
EndProject
Project("{FAE04EC0-301F-11D3-BF4B-00C04F79EFBC}") = "Negocio", "Negocio\Negocio.csproj", "{22110DD7-79CA-401A-AB39-C6FDC9D2368A}"
EndProject
Project("{E24C65DC-7377-472B-9ABA-BC803B73C61A}") = "WebPCI", "http://localhost:2157", "{1D853F41-F210-4415-B335-14C022B3BCE6}"
	ProjectSection(WebsiteProperties) = preProject
		UseIISExpress = "true"
		TargetFrameworkMoniker = ".NETFramework,Version%3Dv4.0"
		ProjectReferences = "{45b35b8c-9c53-47bf-9bde-c925c6aa75bc}|Entidad.dll;{22110dd7-79ca-401a-ab39-c6fdc9d2368a}|Negocio.dll;{8DB50F48-E0E0-4F78-B604-64FD7E57B629}|Datos.dll;"
		Debug.AspNetCompiler.VirtualPath = "/localhost_2157"
		Debug.AspNetCompiler.PhysicalPath = "WebPCI\"
		Debug.AspNetCompiler.TargetPath = "PrecompiledWeb\localhost_2157\"
		Debug.AspNetCompiler.Updateable = "true"
		Debug.AspNetCompiler.ForceOverwrite = "true"
		Debug.AspNetCompiler.FixedNames = "false"
		Debug.AspNetCompiler.Debug = "True"
		Release.AspNetCompiler.VirtualPath = "/localhost_2157"
		Release.AspNetCompiler.PhysicalPath = "WebPCI\"
		Release.AspNetCompiler.TargetPath = "PrecompiledWeb\localhost_2157\"
		Release.AspNetCompiler.Updateable = "true"
		Release.AspNetCompiler.ForceOverwrite = "true"
		Release.AspNetCompiler.FixedNames = "false"
		Release.AspNetCompiler.Debug = "False"
		SlnRelativePath = "WebPCI\"
		DefaultWebSiteLanguage = "Visual C#"
	EndProjectSection
EndProject
Global
	GlobalSection(SolutionConfigurationPlatforms) = preSolution
		Debug|Any CPU = Debug|Any CPU
		Release|Any CPU = Release|Any CPU
	EndGlobalSection
	GlobalSection(ProjectConfigurationPlatforms) = postSolution
		{45B35B8C-9C53-47BF-9BDE-C925C6AA75BC}.Debug|Any CPU.ActiveCfg = Debug|Any CPU
		{45B35B8C-9C53-47BF-9BDE-C925C6AA75BC}.Debug|Any CPU.Build.0 = Debug|Any CPU
		{45B35B8C-9C53-47BF-9BDE-C925C6AA75BC}.Release|Any CPU.ActiveCfg = Release|Any CPU
		{45B35B8C-9C53-47BF-9BDE-C925C6AA75BC}.Release|Any CPU.Build.0 = Release|Any CPU
		{8DB50F48-E0E0-4F78-B604-64FD7E57B629}.Debug|Any CPU.ActiveCfg = Debug|Any CPU
		{8DB50F48-E0E0-4F78-B604-64FD7E57B629}.Debug|Any CPU.Build.0 = Debug|Any CPU
		{8DB50F48-E0E0-4F78-B604-64FD7E57B629}.Release|Any CPU.ActiveCfg = Release|Any CPU
		{8DB50F48-E0E0-4F78-B604-64FD7E57B629}.Release|Any CPU.Build.0 = Release|Any CPU
		{22110DD7-79CA-401A-AB39-C6FDC9D2368A}.Debug|Any CPU.ActiveCfg = Debug|Any CPU
		{22110DD7-79CA-401A-AB39-C6FDC9D2368A}.Debug|Any CPU.Build.0 = Debug|Any CPU
		{22110DD7-79CA-401A-AB39-C6FDC9D2368A}.Release|Any CPU.ActiveCfg = Release|Any CPU
		{22110DD7-79CA-401A-AB39-C6FDC9D2368A}.Release|Any CPU.Build.0 = Release|Any CPU
		{1D853F41-F210-4415-B335-14C022B3BCE6}.Debug|Any CPU.ActiveCfg = Debug|Any CPU
		{1D853F41-F210-4415-B335-14C022B3BCE6}.Debug|Any CPU.Build.0 = Debug|Any CPU
		{1D853F41-F210-4415-B335-14C022B3BCE6}.Release|Any CPU.ActiveCfg = Debug|Any CPU
		{1D853F41-F210-4415-B335-14C022B3BCE6}.Release|Any CPU.Build.0 = Debug|Any CPU
	EndGlobalSection
	GlobalSection(SolutionProperties) = preSolution
		HideSolutionNode = FALSE
	EndGlobalSection
EndGlobal
